
Microsoft Visual Studio Solution File, Format Version 12.00
# Visual Studio Version 17
VisualStudioVersion = 17.7.34031.279
MinimumVisualStudioVersion = 10.0.40219.1
Project("{FAE04EC0-301F-11D3-BF4B-00C04F79EFBC}") = "ConsoleApp1", "ConsoleApp1.csproj", "{6CE94DC3-DC76-4501-B503-8A11C93E8236}"
EndProject
Global
	GlobalSection(SolutionConfigurationPlatforms) = preSolution
		Debug|Any CPU = Debug|Any CPU
		Release|Any CPU = Release|Any CPU
	EndGlobalSection
	GlobalSection(ProjectConfigurationPlatforms) = postSolution
		{6CE94DC3-DC76-4501-B503-8A11C93E8236}.Debug|Any CPU.ActiveCfg = Debug|Any CPU
		{6CE94DC3-DC76-4501-B503-8A11C93E8236}.Debug|Any CPU.Build.0 = Debug|Any CPU
		{6CE94DC3-DC76-4501-B503-8A11C93E8236}.Release|Any CPU.ActiveCfg = Release|Any CPU
		{6CE94DC3-DC76-4501-B503-8A11C93E8236}.Release|Any CPU.Build.0 = Release|Any CPU
	EndGlobalSection
	GlobalSection(SolutionProperties) = preSolution
		HideSolutionNode = FALSE
	EndGlobalSection
	GlobalSection(ExtensibilityGlobals) = postSolution
		SolutionGuid = {7BF82A1B-3088-46D1-AE1B-865F16BBF879}
	EndGlobalSection
EndGlobal
